
Microsoft Visual Studio Solution File, Format Version 12.00
# Visual Studio Version 16
VisualStudioVersion = 16.0.29503.13
MinimumVisualStudioVersion = 10.0.40219.1
Project("{FAE04EC0-301F-11D3-BF4B-00C04F79EFBC}") = "FormulaRendererApp.Android", "FormulaRendererApp\FormulaRendererApp.Android\FormulaRendererApp.Android.csproj", "{46E497CA-2C29-4C8D-AADD-533A574D455A}"
EndProject
Project("{FAE04EC0-301F-11D3-BF4B-00C04F79EFBC}") = "FormulaRendererApp.iOS", "FormulaRendererApp\FormulaRendererApp.iOS\FormulaRendererApp.iOS.csproj", "{D49964D9-A353-43E8-95F9-4245B0A304ED}"
EndProject
Project("{9A19103F-16F7-4668-BE54-9A1E7A4F7556}") = "FormulaRendererApp", "FormulaRendererApp\FormulaRendererApp\FormulaRendererApp.csproj", "{8EA46E12-B541-46DB-83C4-BCB8F3401CA6}"
EndProject
Project("{FAE04EC0-301F-11D3-BF4B-00C04F79EFBC}") = "FormulaRendererAppTest", "FormulaRendererAppTest\FormulaRendererAppTest.csproj", "{5567FD6E-1563-4DBC-9EBE-4D4D937C6565}"
EndProject
Global
	GlobalSection(SolutionConfigurationPlatforms) = preSolution
		Debug|Any CPU = Debug|Any CPU
		Debug|iPhone = Debug|iPhone
		Debug|iPhoneSimulator = Debug|iPhoneSimulator
		Release|Any CPU = Release|Any CPU
		Release|iPhone = Release|iPhone
		Release|iPhoneSimulator = Release|iPhoneSimulator
	EndGlobalSection
	GlobalSection(ProjectConfigurationPlatforms) = postSolution
		{46E497CA-2C29-4C8D-AADD-533A574D455A}.Debug|Any CPU.ActiveCfg = Debug|Any CPU
		{46E497CA-2C29-4C8D-AADD-533A574D455A}.Debug|Any CPU.Build.0 = Debug|Any CPU
		{46E497CA-2C29-4C8D-AADD-533A574D455A}.Debug|Any CPU.Deploy.0 = Debug|Any CPU
		{46E497CA-2C29-4C8D-AADD-533A574D455A}.Debug|iPhone.ActiveCfg = Debug|Any CPU
		{46E497CA-2C29-4C8D-AADD-533A574D455A}.Debug|iPhone.Build.0 = Debug|Any CPU
		{46E497CA-2C29-4C8D-AADD-533A574D455A}.Debug|iPhone.Deploy.0 = Debug|Any CPU
		{46E497CA-2C29-4C8D-AADD-533A574D455A}.Debug|iPhoneSimulator.ActiveCfg = Debug|Any CPU
		{46E497CA-2C29-4C8D-AADD-533A574D455A}.Debug|iPhoneSimulator.Build.0 = Debug|Any CPU
		{46E497CA-2C29-4C8D-AADD-533A574D455A}.Debug|iPhoneSimulator.Deploy.0 = Debug|Any CPU
		{46E497CA-2C29-4C8D-AADD-533A574D455A}.Release|Any CPU.ActiveCfg = Release|Any CPU
		{46E497CA-2C29-4C8D-AADD-533A574D455A}.Release|Any CPU.Build.0 = Release|Any CPU
		{46E497CA-2C29-4C8D-AADD-533A574D455A}.Release|Any CPU.Deploy.0 = Release|Any CPU
		{46E497CA-2C29-4C8D-AADD-533A574D455A}.Release|iPhone.ActiveCfg = Release|Any CPU
		{46E497CA-2C29-4C8D-AADD-533A574D455A}.Release|iPhone.Build.0 = Release|Any CPU
		{46E497CA-2C29-4C8D-AADD-533A574D455A}.Release|iPhone.Deploy.0 = Release|Any CPU
		{46E497CA-2C29-4C8D-AADD-533A574D455A}.Release|iPhoneSimulator.ActiveCfg = Release|Any CPU
		{46E497CA-2C29-4C8D-AADD-533A574D455A}.Release|iPhoneSimulator.Build.0 = Release|Any CPU
		{46E497CA-2C29-4C8D-AADD-533A574D455A}.Release|iPhoneSimulator.Deploy.0 = Release|Any CPU
		{D49964D9-A353-43E8-95F9-4245B0A304ED}.Debug|Any CPU.ActiveCfg = Debug|iPhoneSimulator
		{D49964D9-A353-43E8-95F9-4245B0A304ED}.Debug|Any CPU.Build.0 = Debug|iPhoneSimulator
		{D49964D9-A353-43E8-95F9-4245B0A304ED}.Debug|Any CPU.Deploy.0 = Debug|iPhoneSimulator
		{D49964D9-A353-43E8-95F9-4245B0A304ED}.Debug|iPhone.ActiveCfg = Debug|iPhone
		{D49964D9-A353-43E8-95F9-4245B0A304ED}.Debug|iPhone.Build.0 = Debug|iPhone
		{D49964D9-A353-43E8-95F9-4245B0A304ED}.Debug|iPhone.Deploy.0 = Debug|iPhone
		{D49964D9-A353-43E8-95F9-4245B0A304ED}.Debug|iPhoneSimulator.ActiveCfg = Debug|iPhoneSimulator
		{D49964D9-A353-43E8-95F9-4245B0A304ED}.Debug|iPhoneSimulator.Build.0 = Debug|iPhoneSimulator
		{D49964D9-A353-43E8-95F9-4245B0A304ED}.Debug|iPhoneSimulator.Deploy.0 = Debug|iPhoneSimulator
		{D49964D9-A353-43E8-95F9-4245B0A304ED}.Release|Any CPU.ActiveCfg = Release|iPhone
		{D49964D9-A353-43E8-95F9-4245B0A304ED}.Release|Any CPU.Build.0 = Release|iPhone
		{D49964D9-A353-43E8-95F9-4245B0A304ED}.Release|Any CPU.Deploy.0 = Release|iPhone
		{D49964D9-A353-43E8-95F9-4245B0A304ED}.Release|iPhone.ActiveCfg = Release|iPhone
		{D49964D9-A353-43E8-95F9-4245B0A304ED}.Release|iPhone.Build.0 = Release|iPhone
		{D49964D9-A353-43E8-95F9-4245B0A304ED}.Release|iPhone.Deploy.0 = Release|iPhone
		{D49964D9-A353-43E8-95F9-4245B0A304ED}.Release|iPhoneSimulator.ActiveCfg = Release|iPhoneSimulator
		{D49964D9-A353-43E8-95F9-4245B0A304ED}.Release|iPhoneSimulator.Build.0 = Release|iPhoneSimulator
		{D49964D9-A353-43E8-95F9-4245B0A304ED}.Release|iPhoneSimulator.Deploy.0 = Release|iPhoneSimulator
		{8EA46E12-B541-46DB-83C4-BCB8F3401CA6}.Debug|Any CPU.ActiveCfg = Debug|Any CPU
		{8EA46E12-B541-46DB-83C4-BCB8F3401CA6}.Debug|Any CPU.Build.0 = Debug|Any CPU
		{8EA46E12-B541-46DB-83C4-BCB8F3401CA6}.Debug|Any CPU.Deploy.0 = Debug|Any CPU
		{8EA46E12-B541-46DB-83C4-BCB8F3401CA6}.Debug|iPhone.ActiveCfg = Debug|Any CPU
		{8EA46E12-B541-46DB-83C4-BCB8F3401CA6}.Debug|iPhone.Build.0 = Debug|Any CPU
		{8EA46E12-B541-46DB-83C4-BCB8F3401CA6}.Debug|iPhone.Deploy.0 = Debug|Any CPU
		{8EA46E12-B541-46DB-83C4-BCB8F3401CA6}.Debug|iPhoneSimulator.ActiveCfg = Debug|Any CPU
		{8EA46E12-B541-46DB-83C4-BCB8F3401CA6}.Debug|iPhoneSimulator.Build.0 = Debug|Any CPU
		{8EA46E12-B541-46DB-83C4-BCB8F3401CA6}.Debug|iPhoneSimulator.Deploy.0 = Debug|Any CPU
		{8EA46E12-B541-46DB-83C4-BCB8F3401CA6}.Release|Any CPU.ActiveCfg = Release|Any CPU
		{8EA46E12-B541-46DB-83C4-BCB8F3401CA6}.Release|Any CPU.Build.0 = Release|Any CPU
		{8EA46E12-B541-46DB-83C4-BCB8F3401CA6}.Release|Any CPU.Deploy.0 = Release|Any CPU
		{8EA46E12-B541-46DB-83C4-BCB8F3401CA6}.Release|iPhone.ActiveCfg = Release|Any CPU
		{8EA46E12-B541-46DB-83C4-BCB8F3401CA6}.Release|iPhone.Build.0 = Release|Any CPU
		{8EA46E12-B541-46DB-83C4-BCB8F3401CA6}.Release|iPhone.Deploy.0 = Release|Any CPU
		{8EA46E12-B541-46DB-83C4-BCB8F3401CA6}.Release|iPhoneSimulator.ActiveCfg = Release|Any CPU
		{8EA46E12-B541-46DB-83C4-BCB8F3401CA6}.Release|iPhoneSimulator.Build.0 = Release|Any CPU
		{8EA46E12-B541-46DB-83C4-BCB8F3401CA6}.Release|iPhoneSimulator.Deploy.0 = Release|Any CPU
		{5567FD6E-1563-4DBC-9EBE-4D4D937C6565}.Debug|Any CPU.ActiveCfg = Debug|Any CPU
		{5567FD6E-1563-4DBC-9EBE-4D4D937C6565}.Debug|Any CPU.Build.0 = Debug|Any CPU
		{5567FD6E-1563-4DBC-9EBE-4D4D937C6565}.Debug|iPhone.ActiveCfg = Debug|Any CPU
		{5567FD6E-1563-4DBC-9EBE-4D4D937C6565}.Debug|iPhone.Build.0 = Debug|Any CPU
		{5567FD6E-1563-4DBC-9EBE-4D4D937C6565}.Debug|iPhoneSimulator.ActiveCfg = Debug|Any CPU
		{5567FD6E-1563-4DBC-9EBE-4D4D937C6565}.Debug|iPhoneSimulator.Build.0 = Debug|Any CPU
		{5567FD6E-1563-4DBC-9EBE-4D4D937C6565}.Release|Any CPU.ActiveCfg = Release|Any CPU
		{5567FD6E-1563-4DBC-9EBE-4D4D937C6565}.Release|Any CPU.Build.0 = Release|Any CPU
		{5567FD6E-1563-4DBC-9EBE-4D4D937C6565}.Release|iPhone.ActiveCfg = Release|Any CPU
		{5567FD6E-1563-4DBC-9EBE-4D4D937C6565}.Release|iPhone.Build.0 = Release|Any CPU
		{5567FD6E-1563-4DBC-9EBE-4D4D937C6565}.Release|iPhoneSimulator.ActiveCfg = Release|Any CPU
		{5567FD6E-1563-4DBC-9EBE-4D4D937C6565}.Release|iPhoneSimulator.Build.0 = Release|Any CPU
	EndGlobalSection
	GlobalSection(SolutionProperties) = preSolution
		HideSolutionNode = FALSE
	EndGlobalSection
	GlobalSection(ExtensibilityGlobals) = postSolution
		SolutionGuid = {7BB164CB-E500-4EE8-B3AF-19C730FFDBB6}
	EndGlobalSection
EndGlobal
